
Microsoft Visual Studio Solution File, Format Version 12.00
# Visual Studio Version 16
VisualStudioVersion = 16.0.31829.152
MinimumVisualStudioVersion = 10.0.40219.1
Project("{FAE04EC0-301F-11D3-BF4B-00C04F79EFBC}") = "Kutuphane", "Kutuphane\Kutuphane.csproj", "{7DB830A1-51E4-4DB0-B494-30312BCF5D74}"
EndProject
Project("{FAE04EC0-301F-11D3-BF4B-00C04F79EFBC}") = "ConsoleApp3", "ConsoleApp3\ConsoleApp3.csproj", "{F8616168-1340-449E-BD87-49542A8C36D3}"
EndProject
Project("{FAE04EC0-301F-11D3-BF4B-00C04F79EFBC}") = "WinApp", "WinApp\WinApp.csproj", "{5AAA9C87-92E0-444F-924F-5810150F734C}"
EndProject
Project("{FAE04EC0-301F-11D3-BF4B-00C04F79EFBC}") = "Model", "Model\Model.csproj", "{BAF83EA3-34F3-4F47-BD19-AA0FFAB6D3A9}"
EndProject
Project("{FAE04EC0-301F-11D3-BF4B-00C04F79EFBC}") = "DAL", "DAL\DAL.csproj", "{51434A9E-3484-47F8-A4C9-3DDF3E77A7BD}"
EndProject
Global
	GlobalSection(SolutionConfigurationPlatforms) = preSolution
		Debug|Any CPU = Debug|Any CPU
		Release|Any CPU = Release|Any CPU
	EndGlobalSection
	GlobalSection(ProjectConfigurationPlatforms) = postSolution
		{7DB830A1-51E4-4DB0-B494-30312BCF5D74}.Debug|Any CPU.ActiveCfg = Debug|Any CPU
		{7DB830A1-51E4-4DB0-B494-30312BCF5D74}.Debug|Any CPU.Build.0 = Debug|Any CPU
		{7DB830A1-51E4-4DB0-B494-30312BCF5D74}.Release|Any CPU.ActiveCfg = Release|Any CPU
		{7DB830A1-51E4-4DB0-B494-30312BCF5D74}.Release|Any CPU.Build.0 = Release|Any CPU
		{F8616168-1340-449E-BD87-49542A8C36D3}.Debug|Any CPU.ActiveCfg = Debug|Any CPU
		{F8616168-1340-449E-BD87-49542A8C36D3}.Debug|Any CPU.Build.0 = Debug|Any CPU
		{F8616168-1340-449E-BD87-49542A8C36D3}.Release|Any CPU.ActiveCfg = Release|Any CPU
		{F8616168-1340-449E-BD87-49542A8C36D3}.Release|Any CPU.Build.0 = Release|Any CPU
		{5AAA9C87-92E0-444F-924F-5810150F734C}.Debug|Any CPU.ActiveCfg = Debug|Any CPU
		{5AAA9C87-92E0-444F-924F-5810150F734C}.Debug|Any CPU.Build.0 = Debug|Any CPU
		{5AAA9C87-92E0-444F-924F-5810150F734C}.Release|Any CPU.ActiveCfg = Release|Any CPU
		{5AAA9C87-92E0-444F-924F-5810150F734C}.Release|Any CPU.Build.0 = Release|Any CPU
		{BAF83EA3-34F3-4F47-BD19-AA0FFAB6D3A9}.Debug|Any CPU.ActiveCfg = Debug|Any CPU
		{BAF83EA3-34F3-4F47-BD19-AA0FFAB6D3A9}.Debug|Any CPU.Build.0 = Debug|Any CPU
		{BAF83EA3-34F3-4F47-BD19-AA0FFAB6D3A9}.Release|Any CPU.ActiveCfg = Release|Any CPU
		{BAF83EA3-34F3-4F47-BD19-AA0FFAB6D3A9}.Release|Any CPU.Build.0 = Release|Any CPU
		{51434A9E-3484-47F8-A4C9-3DDF3E77A7BD}.Debug|Any CPU.ActiveCfg = Debug|Any CPU
		{51434A9E-3484-47F8-A4C9-3DDF3E77A7BD}.Debug|Any CPU.Build.0 = Debug|Any CPU
		{51434A9E-3484-47F8-A4C9-3DDF3E77A7BD}.Release|Any CPU.ActiveCfg = Release|Any CPU
		{51434A9E-3484-47F8-A4C9-3DDF3E77A7BD}.Release|Any CPU.Build.0 = Release|Any CPU
	EndGlobalSection
	GlobalSection(SolutionProperties) = preSolution
		HideSolutionNode = FALSE
	EndGlobalSection
	GlobalSection(ExtensibilityGlobals) = postSolution
		SolutionGuid = {6211C6DB-168E-4337-82A3-AFF24E8F1722}
	EndGlobalSection
EndGlobal
